
Microsoft Visual Studio Solution File, Format Version 12.00
# Visual Studio Version 17
VisualStudioVersion = 17.12.35527.113
MinimumVisualStudioVersion = 10.0.40219.1
Project("{2150E333-8FDC-42A3-9474-1A3956D46DE8}") = "Base", "Base", "{DF010634-3304-4B3A-8B5A-9F5F021B74A2}"
EndProject
Project("{2150E333-8FDC-42A3-9474-1A3956D46DE8}") = "EX7", "EX7", "{B19F8212-54A0-4281-B40B-7639B6AFD805}"
EndProject
Project("{8BC9CEB8-8B4A-11D0-8D11-00A0C91BC942}") = "002", "002\002.vcxproj", "{53609213-5ED8-4BED-8CB6-AF747AADB0D3}"
EndProject
Project("{8BC9CEB8-8B4A-11D0-8D11-00A0C91BC942}") = "003", "003\003.vcxproj", "{6AD2872B-86E8-4FCA-B9D0-7879ADB3C372}"
EndProject
Project("{8BC9CEB8-8B4A-11D0-8D11-00A0C91BC942}") = "004", "004\004.vcxproj", "{DAED146B-65D6-44C3-A377-538E844CA787}"
EndProject
Project("{8BC9CEB8-8B4A-11D0-8D11-00A0C91BC942}") = "005", "005\005.vcxproj", "{2C8B3CDC-B6C3-4192-B131-548657D0E0A6}"
EndProject
Project("{8BC9CEB8-8B4A-11D0-8D11-00A0C91BC942}") = "TCPL_Template", "TCPL_Template\TCPL_Template.vcxproj", "{46007CD0-5BE7-439F-B5A2-D1F09C2A4935}"
EndProject
Project("{8BC9CEB8-8B4A-11D0-8D11-00A0C91BC942}") = "006", "006\006.vcxproj", "{99C1624E-1445-4610-800F-BAE6960148F1}"
EndProject
Project("{8BC9CEB8-8B4A-11D0-8D11-00A0C91BC942}") = "007", "007\007.vcxproj", "{D252F8F9-987B-4641-BE95-8A0B24788835}"
EndProject
Project("{8BC9CEB8-8B4A-11D0-8D11-00A0C91BC942}") = "008", "008\008.vcxproj", "{C440D918-220E-4D39-87D1-D12CC42D43E2}"
EndProject
Project("{8BC9CEB8-8B4A-11D0-8D11-00A0C91BC942}") = "013", "013\013.vcxproj", "{FBDD09F1-55A0-4B2F-A5B5-08575BA40ADB}"
EndProject
Project("{2150E333-8FDC-42A3-9474-1A3956D46DE8}") = "EX8", "EX8", "{629F1C3F-0791-4836-A5D1-462F39E05246}"
EndProject
Project("{8BC9CEB8-8B4A-11D0-8D11-00A0C91BC942}") = "001", "001\001.vcxproj", "{C898E1B9-9FC7-47F7-8895-B9F64B9AA644}"
EndProject
Project("{8BC9CEB8-8B4A-11D0-8D11-00A0C91BC942}") = "8_002", "8_002\8_002.vcxproj", "{5E969E30-9854-443B-B75C-70E3A8E3E731}"
EndProject
Project("{8BC9CEB8-8B4A-11D0-8D11-00A0C91BC942}") = "8_003", "8_003\8_003.vcxproj", "{BF2FE67A-38C5-48EF-AADB-5FBEE945CADB}"
EndProject
Project("{8BC9CEB8-8B4A-11D0-8D11-00A0C91BC942}") = "8_004", "8_004\8_004.vcxproj", "{D13B6F1C-D190-4A14-A677-B4EC338EE3F4}"
EndProject
Project("{8BC9CEB8-8B4A-11D0-8D11-00A0C91BC942}") = "8_005", "8_005\8_005.vcxproj", "{C7350783-2BF8-49AE-BD4F-887E340216DF}"
EndProject
Project("{8BC9CEB8-8B4A-11D0-8D11-00A0C91BC942}") = "8_006", "8_006\8_006.vcxproj", "{E19082F2-D919-42D0-B0E2-2AE291D77575}"
EndProject
Project("{8BC9CEB8-8B4A-11D0-8D11-00A0C91BC942}") = "8_007", "8_007\8_007.vcxproj", "{9D7D3B8F-DED3-4351-937B-4A572C0B5422}"
EndProject
Global
	GlobalSection(SolutionConfigurationPlatforms) = preSolution
		Debug|x64 = Debug|x64
		Debug|x86 = Debug|x86
		Release|x64 = Release|x64
		Release|x86 = Release|x86
	EndGlobalSection
	GlobalSection(ProjectConfigurationPlatforms) = postSolution
		{53609213-5ED8-4BED-8CB6-AF747AADB0D3}.Debug|x64.ActiveCfg = Debug|x64
		{53609213-5ED8-4BED-8CB6-AF747AADB0D3}.Debug|x64.Build.0 = Debug|x64
		{53609213-5ED8-4BED-8CB6-AF747AADB0D3}.Debug|x86.ActiveCfg = Debug|Win32
		{53609213-5ED8-4BED-8CB6-AF747AADB0D3}.Debug|x86.Build.0 = Debug|Win32
		{53609213-5ED8-4BED-8CB6-AF747AADB0D3}.Release|x64.ActiveCfg = Release|x64
		{53609213-5ED8-4BED-8CB6-AF747AADB0D3}.Release|x64.Build.0 = Release|x64
		{53609213-5ED8-4BED-8CB6-AF747AADB0D3}.Release|x86.ActiveCfg = Release|Win32
		{53609213-5ED8-4BED-8CB6-AF747AADB0D3}.Release|x86.Build.0 = Release|Win32
		{6AD2872B-86E8-4FCA-B9D0-7879ADB3C372}.Debug|x64.ActiveCfg = Debug|x64
		{6AD2872B-86E8-4FCA-B9D0-7879ADB3C372}.Debug|x64.Build.0 = Debug|x64
		{6AD2872B-86E8-4FCA-B9D0-7879ADB3C372}.Debug|x86.ActiveCfg = Debug|Win32
		{6AD2872B-86E8-4FCA-B9D0-7879ADB3C372}.Debug|x86.Build.0 = Debug|Win32
		{6AD2872B-86E8-4FCA-B9D0-7879ADB3C372}.Release|x64.ActiveCfg = Release|x64
		{6AD2872B-86E8-4FCA-B9D0-7879ADB3C372}.Release|x64.Build.0 = Release|x64
		{6AD2872B-86E8-4FCA-B9D0-7879ADB3C372}.Release|x86.ActiveCfg = Release|Win32
		{6AD2872B-86E8-4FCA-B9D0-7879ADB3C372}.Release|x86.Build.0 = Release|Win32
		{DAED146B-65D6-44C3-A377-538E844CA787}.Debug|x64.ActiveCfg = Debug|x64
		{DAED146B-65D6-44C3-A377-538E844CA787}.Debug|x64.Build.0 = Debug|x64
		{DAED146B-65D6-44C3-A377-538E844CA787}.Debug|x86.ActiveCfg = Debug|Win32
		{DAED146B-65D6-44C3-A377-538E844CA787}.Debug|x86.Build.0 = Debug|Win32
		{DAED146B-65D6-44C3-A377-538E844CA787}.Release|x64.ActiveCfg = Release|x64
		{DAED146B-65D6-44C3-A377-538E844CA787}.Release|x64.Build.0 = Release|x64
		{DAED146B-65D6-44C3-A377-538E844CA787}.Release|x86.ActiveCfg = Release|Win32
		{DAED146B-65D6-44C3-A377-538E844CA787}.Release|x86.Build.0 = Release|Win32
		{2C8B3CDC-B6C3-4192-B131-548657D0E0A6}.Debug|x64.ActiveCfg = Debug|x64
		{2C8B3CDC-B6C3-4192-B131-548657D0E0A6}.Debug|x64.Build.0 = Debug|x64
		{2C8B3CDC-B6C3-4192-B131-548657D0E0A6}.Debug|x86.ActiveCfg = Debug|Win32
		{2C8B3CDC-B6C3-4192-B131-548657D0E0A6}.Debug|x86.Build.0 = Debug|Win32
		{2C8B3CDC-B6C3-4192-B131-548657D0E0A6}.Release|x64.ActiveCfg = Release|x64
		{2C8B3CDC-B6C3-4192-B131-548657D0E0A6}.Release|x64.Build.0 = Release|x64
		{2C8B3CDC-B6C3-4192-B131-548657D0E0A6}.Release|x86.ActiveCfg = Release|Win32
		{2C8B3CDC-B6C3-4192-B131-548657D0E0A6}.Release|x86.Build.0 = Release|Win32
		{46007CD0-5BE7-439F-B5A2-D1F09C2A4935}.Debug|x64.ActiveCfg = Debug|x64
		{46007CD0-5BE7-439F-B5A2-D1F09C2A4935}.Debug|x64.Build.0 = Debug|x64
		{46007CD0-5BE7-439F-B5A2-D1F09C2A4935}.Debug|x86.ActiveCfg = Debug|Win32
		{46007CD0-5BE7-439F-B5A2-D1F09C2A4935}.Debug|x86.Build.0 = Debug|Win32
		{46007CD0-5BE7-439F-B5A2-D1F09C2A4935}.Release|x64.ActiveCfg = Release|x64
		{46007CD0-5BE7-439F-B5A2-D1F09C2A4935}.Release|x64.Build.0 = Release|x64
		{46007CD0-5BE7-439F-B5A2-D1F09C2A4935}.Release|x86.ActiveCfg = Release|Win32
		{46007CD0-5BE7-439F-B5A2-D1F09C2A4935}.Release|x86.Build.0 = Release|Win32
		{99C1624E-1445-4610-800F-BAE6960148F1}.Debug|x64.ActiveCfg = Debug|x64
		{99C1624E-1445-4610-800F-BAE6960148F1}.Debug|x64.Build.0 = Debug|x64
		{99C1624E-1445-4610-800F-BAE6960148F1}.Debug|x86.ActiveCfg = Debug|Win32
		{99C1624E-1445-4610-800F-BAE6960148F1}.Debug|x86.Build.0 = Debug|Win32
		{99C1624E-1445-4610-800F-BAE6960148F1}.Release|x64.ActiveCfg = Release|x64
		{99C1624E-1445-4610-800F-BAE6960148F1}.Release|x64.Build.0 = Release|x64
		{99C1624E-1445-4610-800F-BAE6960148F1}.Release|x86.ActiveCfg = Release|Win32
		{99C1624E-1445-4610-800F-BAE6960148F1}.Release|x86.Build.0 = Release|Win32
		{D252F8F9-987B-4641-BE95-8A0B24788835}.Debug|x64.ActiveCfg = Debug|x64
		{D252F8F9-987B-4641-BE95-8A0B24788835}.Debug|x64.Build.0 = Debug|x64
		{D252F8F9-987B-4641-BE95-8A0B24788835}.Debug|x86.ActiveCfg = Debug|Win32
		{D252F8F9-987B-4641-BE95-8A0B24788835}.Debug|x86.Build.0 = Debug|Win32
		{D252F8F9-987B-4641-BE95-8A0B24788835}.Release|x64.ActiveCfg = Release|x64
		{D252F8F9-987B-4641-BE95-8A0B24788835}.Release|x64.Build.0 = Release|x64
		{D252F8F9-987B-4641-BE95-8A0B24788835}.Release|x86.ActiveCfg = Release|Win32
		{D252F8F9-987B-4641-BE95-8A0B24788835}.Release|x86.Build.0 = Release|Win32
		{C440D918-220E-4D39-87D1-D12CC42D43E2}.Debug|x64.ActiveCfg = Debug|x64
		{C440D918-220E-4D39-87D1-D12CC42D43E2}.Debug|x64.Build.0 = Debug|x64
		{C440D918-220E-4D39-87D1-D12CC42D43E2}.Debug|x86.ActiveCfg = Debug|Win32
		{C440D918-220E-4D39-87D1-D12CC42D43E2}.Debug|x86.Build.0 = Debug|Win32
		{C440D918-220E-4D39-87D1-D12CC42D43E2}.Release|x64.ActiveCfg = Release|x64
		{C440D918-220E-4D39-87D1-D12CC42D43E2}.Release|x64.Build.0 = Release|x64
		{C440D918-220E-4D39-87D1-D12CC42D43E2}.Release|x86.ActiveCfg = Release|Win32
		{C440D918-220E-4D39-87D1-D12CC42D43E2}.Release|x86.Build.0 = Release|Win32
		{FBDD09F1-55A0-4B2F-A5B5-08575BA40ADB}.Debug|x64.ActiveCfg = Debug|x64
		{FBDD09F1-55A0-4B2F-A5B5-08575BA40ADB}.Debug|x64.Build.0 = Debug|x64
		{FBDD09F1-55A0-4B2F-A5B5-08575BA40ADB}.Debug|x86.ActiveCfg = Debug|Win32
		{FBDD09F1-55A0-4B2F-A5B5-08575BA40ADB}.Debug|x86.Build.0 = Debug|Win32
		{FBDD09F1-55A0-4B2F-A5B5-08575BA40ADB}.Release|x64.ActiveCfg = Release|x64
		{FBDD09F1-55A0-4B2F-A5B5-08575BA40ADB}.Release|x64.Build.0 = Release|x64
		{FBDD09F1-55A0-4B2F-A5B5-08575BA40ADB}.Release|x86.ActiveCfg = Release|Win32
		{FBDD09F1-55A0-4B2F-A5B5-08575BA40ADB}.Release|x86.Build.0 = Release|Win32
		{C898E1B9-9FC7-47F7-8895-B9F64B9AA644}.Debug|x64.ActiveCfg = Debug|x64
		{C898E1B9-9FC7-47F7-8895-B9F64B9AA644}.Debug|x64.Build.0 = Debug|x64
		{C898E1B9-9FC7-47F7-8895-B9F64B9AA644}.Debug|x86.ActiveCfg = Debug|Win32
		{C898E1B9-9FC7-47F7-8895-B9F64B9AA644}.Debug|x86.Build.0 = Debug|Win32
		{C898E1B9-9FC7-47F7-8895-B9F64B9AA644}.Release|x64.ActiveCfg = Release|x64
		{C898E1B9-9FC7-47F7-8895-B9F64B9AA644}.Release|x64.Build.0 = Release|x64
		{C898E1B9-9FC7-47F7-8895-B9F64B9AA644}.Release|x86.ActiveCfg = Release|Win32
		{C898E1B9-9FC7-47F7-8895-B9F64B9AA644}.Release|x86.Build.0 = Release|Win32
		{5E969E30-9854-443B-B75C-70E3A8E3E731}.Debug|x64.ActiveCfg = Debug|x64
		{5E969E30-9854-443B-B75C-70E3A8E3E731}.Debug|x64.Build.0 = Debug|x64
		{5E969E30-9854-443B-B75C-70E3A8E3E731}.Debug|x86.ActiveCfg = Debug|Win32
		{5E969E30-9854-443B-B75C-70E3A8E3E731}.Debug|x86.Build.0 = Debug|Win32
		{5E969E30-9854-443B-B75C-70E3A8E3E731}.Release|x64.ActiveCfg = Release|x64
		{5E969E30-9854-443B-B75C-70E3A8E3E731}.Release|x64.Build.0 = Release|x64
		{5E969E30-9854-443B-B75C-70E3A8E3E731}.Release|x86.ActiveCfg = Release|Win32
		{5E969E30-9854-443B-B75C-70E3A8E3E731}.Release|x86.Build.0 = Release|Win32
		{BF2FE67A-38C5-48EF-AADB-5FBEE945CADB}.Debug|x64.ActiveCfg = Debug|x64
		{BF2FE67A-38C5-48EF-AADB-5FBEE945CADB}.Debug|x64.Build.0 = Debug|x64
		{BF2FE67A-38C5-48EF-AADB-5FBEE945CADB}.Debug|x86.ActiveCfg = Debug|Win32
		{BF2FE67A-38C5-48EF-AADB-5FBEE945CADB}.Debug|x86.Build.0 = Debug|Win32
		{BF2FE67A-38C5-48EF-AADB-5FBEE945CADB}.Release|x64.ActiveCfg = Release|x64
		{BF2FE67A-38C5-48EF-AADB-5FBEE945CADB}.Release|x64.Build.0 = Release|x64
		{BF2FE67A-38C5-48EF-AADB-5FBEE945CADB}.Release|x86.ActiveCfg = Release|Win32
		{BF2FE67A-38C5-48EF-AADB-5FBEE945CADB}.Release|x86.Build.0 = Release|Win32
		{D13B6F1C-D190-4A14-A677-B4EC338EE3F4}.Debug|x64.ActiveCfg = Debug|x64
		{D13B6F1C-D190-4A14-A677-B4EC338EE3F4}.Debug|x64.Build.0 = Debug|x64
		{D13B6F1C-D190-4A14-A677-B4EC338EE3F4}.Debug|x86.ActiveCfg = Debug|Win32
		{D13B6F1C-D190-4A14-A677-B4EC338EE3F4}.Debug|x86.Build.0 = Debug|Win32
		{D13B6F1C-D190-4A14-A677-B4EC338EE3F4}.Release|x64.ActiveCfg = Release|x64
		{D13B6F1C-D190-4A14-A677-B4EC338EE3F4}.Release|x64.Build.0 = Release|x64
		{D13B6F1C-D190-4A14-A677-B4EC338EE3F4}.Release|x86.ActiveCfg = Release|Win32
		{D13B6F1C-D190-4A14-A677-B4EC338EE3F4}.Release|x86.Build.0 = Release|Win32
		{C7350783-2BF8-49AE-BD4F-887E340216DF}.Debug|x64.ActiveCfg = Debug|x64
		{C7350783-2BF8-49AE-BD4F-887E340216DF}.Debug|x64.Build.0 = Debug|x64
		{C7350783-2BF8-49AE-BD4F-887E340216DF}.Debug|x86.ActiveCfg = Debug|Win32
		{C7350783-2BF8-49AE-BD4F-887E340216DF}.Debug|x86.Build.0 = Debug|Win32
		{C7350783-2BF8-49AE-BD4F-887E340216DF}.Release|x64.ActiveCfg = Release|x64
		{C7350783-2BF8-49AE-BD4F-887E340216DF}.Release|x64.Build.0 = Release|x64
		{C7350783-2BF8-49AE-BD4F-887E340216DF}.Release|x86.ActiveCfg = Release|Win32
		{C7350783-2BF8-49AE-BD4F-887E340216DF}.Release|x86.Build.0 = Release|Win32
		{E19082F2-D919-42D0-B0E2-2AE291D77575}.Debug|x64.ActiveCfg = Debug|x64
		{E19082F2-D919-42D0-B0E2-2AE291D77575}.Debug|x64.Build.0 = Debug|x64
		{E19082F2-D919-42D0-B0E2-2AE291D77575}.Debug|x86.ActiveCfg = Debug|Win32
		{E19082F2-D919-42D0-B0E2-2AE291D77575}.Debug|x86.Build.0 = Debug|Win32
		{E19082F2-D919-42D0-B0E2-2AE291D77575}.Release|x64.ActiveCfg = Release|x64
		{E19082F2-D919-42D0-B0E2-2AE291D77575}.Release|x64.Build.0 = Release|x64
		{E19082F2-D919-42D0-B0E2-2AE291D77575}.Release|x86.ActiveCfg = Release|Win32
		{E19082F2-D919-42D0-B0E2-2AE291D77575}.Release|x86.Build.0 = Release|Win32
		{9D7D3B8F-DED3-4351-937B-4A572C0B5422}.Debug|x64.ActiveCfg = Debug|x64
		{9D7D3B8F-DED3-4351-937B-4A572C0B5422}.Debug|x64.Build.0 = Debug|x64
		{9D7D3B8F-DED3-4351-937B-4A572C0B5422}.Debug|x86.ActiveCfg = Debug|Win32
		{9D7D3B8F-DED3-4351-937B-4A572C0B5422}.Debug|x86.Build.0 = Debug|Win32
		{9D7D3B8F-DED3-4351-937B-4A572C0B5422}.Release|x64.ActiveCfg = Release|x64
		{9D7D3B8F-DED3-4351-937B-4A572C0B5422}.Release|x64.Build.0 = Release|x64
		{9D7D3B8F-DED3-4351-937B-4A572C0B5422}.Release|x86.ActiveCfg = Release|Win32
		{9D7D3B8F-DED3-4351-937B-4A572C0B5422}.Release|x86.Build.0 = Release|Win32
	EndGlobalSection
	GlobalSection(SolutionProperties) = preSolution
		HideSolutionNode = FALSE
	EndGlobalSection
	GlobalSection(NestedProjects) = preSolution
		{53609213-5ED8-4BED-8CB6-AF747AADB0D3} = {B19F8212-54A0-4281-B40B-7639B6AFD805}
		{6AD2872B-86E8-4FCA-B9D0-7879ADB3C372} = {B19F8212-54A0-4281-B40B-7639B6AFD805}
		{DAED146B-65D6-44C3-A377-538E844CA787} = {B19F8212-54A0-4281-B40B-7639B6AFD805}
		{2C8B3CDC-B6C3-4192-B131-548657D0E0A6} = {B19F8212-54A0-4281-B40B-7639B6AFD805}
		{46007CD0-5BE7-439F-B5A2-D1F09C2A4935} = {DF010634-3304-4B3A-8B5A-9F5F021B74A2}
		{99C1624E-1445-4610-800F-BAE6960148F1} = {B19F8212-54A0-4281-B40B-7639B6AFD805}
		{D252F8F9-987B-4641-BE95-8A0B24788835} = {B19F8212-54A0-4281-B40B-7639B6AFD805}
		{C440D918-220E-4D39-87D1-D12CC42D43E2} = {B19F8212-54A0-4281-B40B-7639B6AFD805}
		{FBDD09F1-55A0-4B2F-A5B5-08575BA40ADB} = {B19F8212-54A0-4281-B40B-7639B6AFD805}
		{C898E1B9-9FC7-47F7-8895-B9F64B9AA644} = {629F1C3F-0791-4836-A5D1-462F39E05246}
		{5E969E30-9854-443B-B75C-70E3A8E3E731} = {629F1C3F-0791-4836-A5D1-462F39E05246}
		{BF2FE67A-38C5-48EF-AADB-5FBEE945CADB} = {629F1C3F-0791-4836-A5D1-462F39E05246}
		{D13B6F1C-D190-4A14-A677-B4EC338EE3F4} = {629F1C3F-0791-4836-A5D1-462F39E05246}
		{C7350783-2BF8-49AE-BD4F-887E340216DF} = {629F1C3F-0791-4836-A5D1-462F39E05246}
		{E19082F2-D919-42D0-B0E2-2AE291D77575} = {629F1C3F-0791-4836-A5D1-462F39E05246}
		{9D7D3B8F-DED3-4351-937B-4A572C0B5422} = {629F1C3F-0791-4836-A5D1-462F39E05246}
	EndGlobalSection
EndGlobal
