
Microsoft Visual Studio Solution File, Format Version 12.00
# Visual Studio Version 17
VisualStudioVersion = 17.12.35527.113
MinimumVisualStudioVersion = 10.0.40219.1
Project("{2150E333-8FDC-42A3-9474-1A3956D46DE8}") = "Base", "Base", "{DF010634-3304-4B3A-8B5A-9F5F021B74A2}"
EndProject
Project("{2150E333-8FDC-42A3-9474-1A3956D46DE8}") = "EX7", "EX7", "{B19F8212-54A0-4281-B40B-7639B6AFD805}"
EndProject
Project("{8BC9CEB8-8B4A-11D0-8D11-00A0C91BC942}") = "002", "002\002.vcxproj", "{53609213-5ED8-4BED-8CB6-AF747AADB0D3}"
EndProject
Project("{8BC9CEB8-8B4A-11D0-8D11-00A0C91BC942}") = "003", "003\003.vcxproj", "{6AD2872B-86E8-4FCA-B9D0-7879ADB3C372}"
EndProject
Project("{8BC9CEB8-8B4A-11D0-8D11-00A0C91BC942}") = "004", "004\004.vcxproj", "{DAED146B-65D6-44C3-A377-538E844CA787}"
EndProject
Project("{8BC9CEB8-8B4A-11D0-8D11-00A0C91BC942}") = "005", "005\005.vcxproj", "{2C8B3CDC-B6C3-4192-B131-548657D0E0A6}"
EndProject
Project("{8BC9CEB8-8B4A-11D0-8D11-00A0C91BC942}") = "TCPL_Template", "TCPL_Template\TCPL_Template.vcxproj", "{46007CD0-5BE7-439F-B5A2-D1F09C2A4935}"
EndProject
Project("{8BC9CEB8-8B4A-11D0-8D11-00A0C91BC942}") = "006", "006\006.vcxproj", "{99C1624E-1445-4610-800F-BAE6960148F1}"
EndProject
Project("{8BC9CEB8-8B4A-11D0-8D11-00A0C91BC942}") = "007", "007\007.vcxproj", "{D252F8F9-987B-4641-BE95-8A0B24788835}"
EndProject
Project("{8BC9CEB8-8B4A-11D0-8D11-00A0C91BC942}") = "008", "008\008.vcxproj", "{C440D918-220E-4D39-87D1-D12CC42D43E2}"
EndProject
Global
	GlobalSection(SolutionConfigurationPlatforms) = preSolution
		Debug|x64 = Debug|x64
		Debug|x86 = Debug|x86
		Release|x64 = Release|x64
		Release|x86 = Release|x86
	EndGlobalSection
	GlobalSection(ProjectConfigurationPlatforms) = postSolution
		{53609213-5ED8-4BED-8CB6-AF747AADB0D3}.Debug|x64.ActiveCfg = Debug|x64
		{53609213-5ED8-4BED-8CB6-AF747AADB0D3}.Debug|x64.Build.0 = Debug|x64
		{53609213-5ED8-4BED-8CB6-AF747AADB0D3}.Debug|x86.ActiveCfg = Debug|Win32
		{53609213-5ED8-4BED-8CB6-AF747AADB0D3}.Debug|x86.Build.0 = Debug|Win32
		{53609213-5ED8-4BED-8CB6-AF747AADB0D3}.Release|x64.ActiveCfg = Release|x64
		{53609213-5ED8-4BED-8CB6-AF747AADB0D3}.Release|x64.Build.0 = Release|x64
		{53609213-5ED8-4BED-8CB6-AF747AADB0D3}.Release|x86.ActiveCfg = Release|Win32
		{53609213-5ED8-4BED-8CB6-AF747AADB0D3}.Release|x86.Build.0 = Release|Win32
		{6AD2872B-86E8-4FCA-B9D0-7879ADB3C372}.Debug|x64.ActiveCfg = Debug|x64
		{6AD2872B-86E8-4FCA-B9D0-7879ADB3C372}.Debug|x64.Build.0 = Debug|x64
		{6AD2872B-86E8-4FCA-B9D0-7879ADB3C372}.Debug|x86.ActiveCfg = Debug|Win32
		{6AD2872B-86E8-4FCA-B9D0-7879ADB3C372}.Debug|x86.Build.0 = Debug|Win32
		{6AD2872B-86E8-4FCA-B9D0-7879ADB3C372}.Release|x64.ActiveCfg = Release|x64
		{6AD2872B-86E8-4FCA-B9D0-7879ADB3C372}.Release|x64.Build.0 = Release|x64
		{6AD2872B-86E8-4FCA-B9D0-7879ADB3C372}.Release|x86.ActiveCfg = Release|Win32
		{6AD2872B-86E8-4FCA-B9D0-7879ADB3C372}.Release|x86.Build.0 = Release|Win32
		{DAED146B-65D6-44C3-A377-538E844CA787}.Debug|x64.ActiveCfg = Debug|x64
		{DAED146B-65D6-44C3-A377-538E844CA787}.Debug|x64.Build.0 = Debug|x64
		{DAED146B-65D6-44C3-A377-538E844CA787}.Debug|x86.ActiveCfg = Debug|Win32
		{DAED146B-65D6-44C3-A377-538E844CA787}.Debug|x86.Build.0 = Debug|Win32
		{DAED146B-65D6-44C3-A377-538E844CA787}.Release|x64.ActiveCfg = Release|x64
		{DAED146B-65D6-44C3-A377-538E844CA787}.Release|x64.Build.0 = Release|x64
		{DAED146B-65D6-44C3-A377-538E844CA787}.Release|x86.ActiveCfg = Release|Win32
		{DAED146B-65D6-44C3-A377-538E844CA787}.Release|x86.Build.0 = Release|Win32
		{2C8B3CDC-B6C3-4192-B131-548657D0E0A6}.Debug|x64.ActiveCfg = Debug|x64
		{2C8B3CDC-B6C3-4192-B131-548657D0E0A6}.Debug|x64.Build.0 = Debug|x64
		{2C8B3CDC-B6C3-4192-B131-548657D0E0A6}.Debug|x86.ActiveCfg = Debug|Win32
		{2C8B3CDC-B6C3-4192-B131-548657D0E0A6}.Debug|x86.Build.0 = Debug|Win32
		{2C8B3CDC-B6C3-4192-B131-548657D0E0A6}.Release|x64.ActiveCfg = Release|x64
		{2C8B3CDC-B6C3-4192-B131-548657D0E0A6}.Release|x64.Build.0 = Release|x64
		{2C8B3CDC-B6C3-4192-B131-548657D0E0A6}.Release|x86.ActiveCfg = Release|Win32
		{2C8B3CDC-B6C3-4192-B131-548657D0E0A6}.Release|x86.Build.0 = Release|Win32
		{46007CD0-5BE7-439F-B5A2-D1F09C2A4935}.Debug|x64.ActiveCfg = Debug|x64
		{46007CD0-5BE7-439F-B5A2-D1F09C2A4935}.Debug|x64.Build.0 = Debug|x64
		{46007CD0-5BE7-439F-B5A2-D1F09C2A4935}.Debug|x86.ActiveCfg = Debug|Win32
		{46007CD0-5BE7-439F-B5A2-D1F09C2A4935}.Debug|x86.Build.0 = Debug|Win32
		{46007CD0-5BE7-439F-B5A2-D1F09C2A4935}.Release|x64.ActiveCfg = Release|x64
		{46007CD0-5BE7-439F-B5A2-D1F09C2A4935}.Release|x64.Build.0 = Release|x64
		{46007CD0-5BE7-439F-B5A2-D1F09C2A4935}.Release|x86.ActiveCfg = Release|Win32
		{46007CD0-5BE7-439F-B5A2-D1F09C2A4935}.Release|x86.Build.0 = Release|Win32
		{99C1624E-1445-4610-800F-BAE6960148F1}.Debug|x64.ActiveCfg = Debug|x64
		{99C1624E-1445-4610-800F-BAE6960148F1}.Debug|x64.Build.0 = Debug|x64
		{99C1624E-1445-4610-800F-BAE6960148F1}.Debug|x86.ActiveCfg = Debug|Win32
		{99C1624E-1445-4610-800F-BAE6960148F1}.Debug|x86.Build.0 = Debug|Win32
		{99C1624E-1445-4610-800F-BAE6960148F1}.Release|x64.ActiveCfg = Release|x64
		{99C1624E-1445-4610-800F-BAE6960148F1}.Release|x64.Build.0 = Release|x64
		{99C1624E-1445-4610-800F-BAE6960148F1}.Release|x86.ActiveCfg = Release|Win32
		{99C1624E-1445-4610-800F-BAE6960148F1}.Release|x86.Build.0 = Release|Win32
		{D252F8F9-987B-4641-BE95-8A0B24788835}.Debug|x64.ActiveCfg = Debug|x64
		{D252F8F9-987B-4641-BE95-8A0B24788835}.Debug|x64.Build.0 = Debug|x64
		{D252F8F9-987B-4641-BE95-8A0B24788835}.Debug|x86.ActiveCfg = Debug|Win32
		{D252F8F9-987B-4641-BE95-8A0B24788835}.Debug|x86.Build.0 = Debug|Win32
		{D252F8F9-987B-4641-BE95-8A0B24788835}.Release|x64.ActiveCfg = Release|x64
		{D252F8F9-987B-4641-BE95-8A0B24788835}.Release|x64.Build.0 = Release|x64
		{D252F8F9-987B-4641-BE95-8A0B24788835}.Release|x86.ActiveCfg = Release|Win32
		{D252F8F9-987B-4641-BE95-8A0B24788835}.Release|x86.Build.0 = Release|Win32
		{C440D918-220E-4D39-87D1-D12CC42D43E2}.Debug|x64.ActiveCfg = Debug|x64
		{C440D918-220E-4D39-87D1-D12CC42D43E2}.Debug|x64.Build.0 = Debug|x64
		{C440D918-220E-4D39-87D1-D12CC42D43E2}.Debug|x86.ActiveCfg = Debug|Win32
		{C440D918-220E-4D39-87D1-D12CC42D43E2}.Debug|x86.Build.0 = Debug|Win32
		{C440D918-220E-4D39-87D1-D12CC42D43E2}.Release|x64.ActiveCfg = Release|x64
		{C440D918-220E-4D39-87D1-D12CC42D43E2}.Release|x64.Build.0 = Release|x64
		{C440D918-220E-4D39-87D1-D12CC42D43E2}.Release|x86.ActiveCfg = Release|Win32
		{C440D918-220E-4D39-87D1-D12CC42D43E2}.Release|x86.Build.0 = Release|Win32
	EndGlobalSection
	GlobalSection(SolutionProperties) = preSolution
		HideSolutionNode = FALSE
	EndGlobalSection
	GlobalSection(NestedProjects) = preSolution
		{53609213-5ED8-4BED-8CB6-AF747AADB0D3} = {B19F8212-54A0-4281-B40B-7639B6AFD805}
		{6AD2872B-86E8-4FCA-B9D0-7879ADB3C372} = {B19F8212-54A0-4281-B40B-7639B6AFD805}
		{DAED146B-65D6-44C3-A377-538E844CA787} = {B19F8212-54A0-4281-B40B-7639B6AFD805}
		{2C8B3CDC-B6C3-4192-B131-548657D0E0A6} = {B19F8212-54A0-4281-B40B-7639B6AFD805}
		{46007CD0-5BE7-439F-B5A2-D1F09C2A4935} = {DF010634-3304-4B3A-8B5A-9F5F021B74A2}
		{99C1624E-1445-4610-800F-BAE6960148F1} = {B19F8212-54A0-4281-B40B-7639B6AFD805}
		{D252F8F9-987B-4641-BE95-8A0B24788835} = {B19F8212-54A0-4281-B40B-7639B6AFD805}
		{C440D918-220E-4D39-87D1-D12CC42D43E2} = {B19F8212-54A0-4281-B40B-7639B6AFD805}
	EndGlobalSection
EndGlobal
